{
  "name": "pfe-assurance-auto",
  "version": "0.1.0",
  "lockfileVersion": 3,
  "requires": true,
  "packages": {
    "": {
      "name": "pfe-assurance-auto",
      "version": "0.1.0",
      "workspaces": [
        "backend",
        "frontend"
      ]
    },
    "backend": {
      "name": "@pfe/backend",
      "version": "0.1.0"
    },
    "frontend": {
      "name": "@pfe/frontend",
      "version": "0.1.0"
    },
    "node_modules/@pfe/backend": {
      "resolved": "backend",
      "link": true
    },
    "node_modules/@pfe/frontend": {
      "resolved": "frontend",
      "link": true
    }
  }
}
